// !$*UTF8*$!
{
	archiveVersion = 1;
	classes = {
	};
	objectVersion = 46;
	objects = {

/* Begin PBXBuildFile section */
		2D2F879D1BFDD727004C8862 /* AmplitudeANE.m in Sources */ = {isa = PBXBuildFile; fileRef = 2D2F879C1BFDD727004C8862 /* AmplitudeANE.m */; };
		2DB6E6971BFDDCD5003C47B3 /* Foundation.framework in Frameworks */ = {isa = PBXBuildFile; fileRef = 2DB6E6961BFDDCD5003C47B3 /* Foundation.framework */; };
		2DB6E6991BFDDCF0003C47B3 /* AmplitudeANE.h in Headers */ = {isa = PBXBuildFile; fileRef = 2D2F879A1BFDD727004C8862 /* AmplitudeANE.h */; };
		2DB6E69A1BFDDCF0003C47B3 /* FlashRuntimeExtensions.h in Headers */ = {isa = PBXBuildFile; fileRef = 2DB6E6951BFDD744003C47B3 /* FlashRuntimeExtensions.h */; };
		2DB6E6EB1BFE283C003C47B3 /* libAmplitudeLib.a in Frameworks */ = {isa = PBXBuildFile; fileRef = 2DB6E6E91BFE1FA5003C47B3 /* libAmplitudeLib.a */; };
/* End PBXBuildFile section */

/* Begin PBXContainerItemProxy section */
		2DB6E6B31BFE1C70003C47B3 /* PBXContainerItemProxy */ = {
			isa = PBXContainerItemProxy;
			containerPortal = 2DB6E6AE1BFE1C6F003C47B3 /* Amplitude.xcodeproj */;
			proxyType = 2;
			remoteGlobalIDString = E98C05231A48E7FE00800C63;
			remoteInfo = Amplitude;
		};
		2DB6E6B51BFE1C70003C47B3 /* PBXContainerItemProxy */ = {
			isa = PBXContainerItemProxy;
			containerPortal = 2DB6E6AE1BFE1C6F003C47B3 /* Amplitude.xcodeproj */;
			proxyType = 2;
			remoteGlobalIDString = E98C052E1A48E7FE00800C63;
			remoteInfo = AmplitudeTests;
		};
		2DB6E6E81BFE1FA5003C47B3 /* PBXContainerItemProxy */ = {
			isa = PBXContainerItemProxy;
			containerPortal = 2DB6E6AE1BFE1C6F003C47B3 /* Amplitude.xcodeproj */;
			proxyType = 2;
			remoteGlobalIDString = 2DB6E6CC1BFE1F28003C47B3;
			remoteInfo = AmplitudeLib;
		};
/* End PBXContainerItemProxy section */

/* Begin PBXFileReference section */
		2D2F87971BFDD727004C8862 /* libAmplitudeANE.a */ = {isa = PBXFileReference; explicitFileType = archive.ar; includeInIndex = 0; path = libAmplitudeANE.a; sourceTree = BUILT_PRODUCTS_DIR; };
		2D2F879A1BFDD727004C8862 /* AmplitudeANE.h */ = {isa = PBXFileReference; lastKnownFileType = sourcecode.c.h; path = AmplitudeANE.h; sourceTree = "<group>"; };
		2D2F879C1BFDD727004C8862 /* AmplitudeANE.m */ = {isa = PBXFileReference; lastKnownFileType = sourcecode.c.objc; path = AmplitudeANE.m; sourceTree = "<group>"; };
		2DB6E6951BFDD744003C47B3 /* FlashRuntimeExtensions.h */ = {isa = PBXFileReference; fileEncoding = 4; lastKnownFileType = sourcecode.c.h; path = FlashRuntimeExtensions.h; sourceTree = "<group>"; };
		2DB6E6961BFDDCD5003C47B3 /* Foundation.framework */ = {isa = PBXFileReference; lastKnownFileType = wrapper.framework; name = Foundation.framework; path = System/Library/Frameworks/Foundation.framework; sourceTree = SDKROOT; };
		2DB6E6AE1BFE1C6F003C47B3 /* Amplitude.xcodeproj */ = {isa = PBXFileReference; lastKnownFileType = "wrapper.pb-project"; name = Amplitude.xcodeproj; path = "SDK/Amplitude-iOS/Amplitude.xcodeproj"; sourceTree = "<group>"; };
/* End PBXFileReference section */

/* Begin PBXFrameworksBuildPhase section */
		2D2F87941BFDD727004C8862 /* Frameworks */ = {
			isa = PBXFrameworksBuildPhase;
			buildActionMask = 2147483647;
			files = (
				2DB6E6EB1BFE283C003C47B3 /* libAmplitudeLib.a in Frameworks */,
				2DB6E6971BFDDCD5003C47B3 /* Foundation.framework in Frameworks */,
			);
			runOnlyForDeploymentPostprocessing = 0;
		};
/* End PBXFrameworksBuildPhase section */

/* Begin PBXGroup section */
		2D2F878E1BFDD727004C8862 = {
			isa = PBXGroup;
			children = (
				2DB6E6961BFDDCD5003C47B3 /* Foundation.framework */,
				2D2F87991BFDD727004C8862 /* AmplitudeANE */,
				2D2F87981BFDD727004C8862 /* Products */,
				2DB6E6AE1BFE1C6F003C47B3 /* Amplitude.xcodeproj */,
			);
			sourceTree = "<group>";
		};
		2D2F87981BFDD727004C8862 /* Products */ = {
			isa = PBXGroup;
			children = (
				2D2F87971BFDD727004C8862 /* libAmplitudeANE.a */,
			);
			name = Products;
			sourceTree = "<group>";
		};
		2D2F87991BFDD727004C8862 /* AmplitudeANE */ = {
			isa = PBXGroup;
			children = (
				2D2F879A1BFDD727004C8862 /* AmplitudeANE.h */,
				2DB6E6951BFDD744003C47B3 /* FlashRuntimeExtensions.h */,
				2D2F879C1BFDD727004C8862 /* AmplitudeANE.m */,
			);
			path = AmplitudeANE;
			sourceTree = "<group>";
		};
		2DB6E6AF1BFE1C6F003C47B3 /* Products */ = {
			isa = PBXGroup;
			children = (
				2DB6E6B41BFE1C70003C47B3 /* libAmplitude.a */,
				2DB6E6B61BFE1C70003C47B3 /* AmplitudeTests.xctest */,
				2DB6E6E91BFE1FA5003C47B3 /* libAmplitudeLib.a */,
			);
			name = Products;
			sourceTree = "<group>";
		};
/* End PBXGroup section */

/* Begin PBXHeadersBuildPhase section */
		2DB6E6981BFDDCE6003C47B3 /* Headers */ = {
			isa = PBXHeadersBuildPhase;
			buildActionMask = 2147483647;
			files = (
				2DB6E6991BFDDCF0003C47B3 /* AmplitudeANE.h in Headers */,
				2DB6E69A1BFDDCF0003C47B3 /* FlashRuntimeExtensions.h in Headers */,
			);
			runOnlyForDeploymentPostprocessing = 0;
		};
/* End PBXHeadersBuildPhase section */

/* Begin PBXNativeTarget section */
		2D2F87961BFDD727004C8862 /* AmplitudeANE */ = {
			isa = PBXNativeTarget;
			buildConfigurationList = 2D2F87A01BFDD727004C8862 /* Build configuration list for PBXNativeTarget "AmplitudeANE" */;
			buildPhases = (
				2D2F87931BFDD727004C8862 /* Sources */,
				2D2F87941BFDD727004C8862 /* Frameworks */,
				2DB6E6981BFDDCE6003C47B3 /* Headers */,
			);
			buildRules = (
			);
			dependencies = (
			);
			name = AmplitudeANE;
			productName = AmplitudeANE;
			productReference = 2D2F87971BFDD727004C8862 /* libAmplitudeANE.a */;
			productType = "com.apple.product-type.library.static";
		};
/* End PBXNativeTarget section */

/* Begin PBXProject section */
		2D2F878F1BFDD727004C8862 /* Project object */ = {
			isa = PBXProject;
			attributes = {
				LastUpgradeCheck = 0710;
				ORGANIZATIONNAME = "Pili Pop Labs";
				TargetAttributes = {
					2D2F87961BFDD727004C8862 = {
						CreatedOnToolsVersion = 7.1;
					};
				};
			};
			buildConfigurationList = 2D2F87921BFDD727004C8862 /* Build configuration list for PBXProject "AmplitudeANE" */;
			compatibilityVersion = "Xcode 3.2";
			developmentRegion = English;
			hasScannedForEncodings = 0;
			knownRegions = (
				en,
			);
			mainGroup = 2D2F878E1BFDD727004C8862;
			productRefGroup = 2D2F87981BFDD727004C8862 /* Products */;
			projectDirPath = "";
			projectReferences = (
				{
					ProductGroup = 2DB6E6AF1BFE1C6F003C47B3 /* Products */;
					ProjectRef = 2DB6E6AE1BFE1C6F003C47B3 /* Amplitude.xcodeproj */;
				},
			);
			projectRoot = "";
			targets = (
				2D2F87961BFDD727004C8862 /* AmplitudeANE */,
			);
		};
/* End PBXProject section */

/* Begin PBXReferenceProxy section */
		2DB6E6B41BFE1C70003C47B3 /* libAmplitude.a */ = {
			isa = PBXReferenceProxy;
			fileType = archive.ar;
			path = libAmplitude.a;
			remoteRef = 2DB6E6B31BFE1C70003C47B3 /* PBXContainerItemProxy */;
			sourceTree = BUILT_PRODUCTS_DIR;
		};
		2DB6E6B61BFE1C70003C47B3 /* AmplitudeTests.xctest */ = {
			isa = PBXReferenceProxy;
			fileType = wrapper.cfbundle;
			path = AmplitudeTests.xctest;
			remoteRef = 2DB6E6B51BFE1C70003C47B3 /* PBXContainerItemProxy */;
			sourceTree = BUILT_PRODUCTS_DIR;
		};
		2DB6E6E91BFE1FA5003C47B3 /* libAmplitudeLib.a */ = {
			isa = PBXReferenceProxy;
			fileType = archive.ar;
			path = libAmplitudeLib.a;
			remoteRef = 2DB6E6E81BFE1FA5003C47B3 /* PBXContainerItemProxy */;
			sourceTree = BUILT_PRODUCTS_DIR;
		};
/* End PBXReferenceProxy section */

/* Begin PBXSourcesBuildPhase section */
		2D2F87931BFDD727004C8862 /* Sources */ = {
			isa = PBXSourcesBuildPhase;
			buildActionMask = 2147483647;
			files = (
				2D2F879D1BFDD727004C8862 /* AmplitudeANE.m in Sources */,
			);
			runOnlyForDeploymentPostprocessing = 0;
		};
/* End PBXSourcesBuildPhase section */

/* Begin XCBuildConfiguration section */
		2D2F879E1BFDD727004C8862 /* Debug */ = {
			isa = XCBuildConfiguration;
			buildSettings = {
				ALWAYS_SEARCH_USER_PATHS = NO;
				CLANG_CXX_LANGUAGE_STANDARD = "gnu++0x";
				CLANG_CXX_LIBRARY = "libc++";
				CLANG_ENABLE_MODULES = YES;
				CLANG_ENABLE_OBJC_ARC = YES;
				CLANG_WARN_BOOL_CONVERSION = YES;
				CLANG_WARN_CONSTANT_CONVERSION = YES;
				CLANG_WARN_DIRECT_OBJC_ISA_USAGE = YES_ERROR;
				CLANG_WARN_EMPTY_BODY = YES;
				CLANG_WARN_ENUM_CONVERSION = YES;
				CLANG_WARN_INT_CONVERSION = YES;
				CLANG_WARN_OBJC_ROOT_CLASS = YES_ERROR;
				CLANG_WARN_UNREACHABLE_CODE = YES;
				CLANG_WARN__DUPLICATE_METHOD_MATCH = YES;
				"CODE_SIGN_IDENTITY[sdk=iphoneos*]" = "iPhone Developer";
				COPY_PHASE_STRIP = NO;
				DEBUG_INFORMATION_FORMAT = dwarf;
				ENABLE_STRICT_OBJC_MSGSEND = YES;
				ENABLE_TESTABILITY = YES;
				GCC_C_LANGUAGE_STANDARD = gnu99;
				GCC_DYNAMIC_NO_PIC = NO;
				GCC_NO_COMMON_BLOCKS = YES;
				GCC_OPTIMIZATION_LEVEL = 0;
				GCC_PREPROCESSOR_DEFINITIONS = (
					"DEBUG=1",
					"$(inherited)",
				);
				GCC_WARN_64_TO_32_BIT_CONVERSION = YES;
				GCC_WARN_ABOUT_RETURN_TYPE = YES_ERROR;
				GCC_WARN_UNDECLARED_SELECTOR = YES;
				GCC_WARN_UNINITIALIZED_AUTOS = YES_AGGRESSIVE;
				GCC_WARN_UNUSED_FUNCTION = YES;
				GCC_WARN_UNUSED_VARIABLE = YES;
				IPHONEOS_DEPLOYMENT_TARGET = 9.1;
				MTL_ENABLE_DEBUG_INFO = YES;
				ONLY_ACTIVE_ARCH = YES;
				SDKROOT = iphoneos;
			};
			name = Debug;
		};
		2D2F879F1BFDD727004C8862 /* Release */ = {
			isa = XCBuildConfiguration;
			buildSettings = {
				ALWAYS_SEARCH_USER_PATHS = NO;
				CLANG_CXX_LANGUAGE_STANDARD = "gnu++0x";
				CLANG_CXX_LIBRARY = "libc++";
				CLANG_ENABLE_MODULES = YES;
				CLANG_ENABLE_OBJC_ARC = YES;
				CLANG_WARN_BOOL_CONVERSION = YES;
				CLANG_WARN_CONSTANT_CONVERSION = YES;
				CLANG_WARN_DIRECT_OBJC_ISA_USAGE = YES_ERROR;
				CLANG_WARN_EMPTY_BODY = YES;
				CLANG_WARN_ENUM_CONVERSION = YES;
				CLANG_WARN_INT_CONVERSION = YES;
				CLANG_WARN_OBJC_ROOT_CLASS = YES_ERROR;
				CLANG_WARN_UNREACHABLE_CODE = YES;
				CLANG_WARN__DUPLICATE_METHOD_MATCH = YES;
				"CODE_SIGN_IDENTITY[sdk=iphoneos*]" = "iPhone Developer";
				COPY_PHASE_STRIP = NO;
				DEBUG_INFORMATION_FORMAT = "dwarf-with-dsym";
				ENABLE_NS_ASSERTIONS = NO;
				ENABLE_STRICT_OBJC_MSGSEND = YES;
				GCC_C_LANGUAGE_STANDARD = gnu99;
				GCC_NO_COMMON_BLOCKS = YES;
				GCC_WARN_64_TO_32_BIT_CONVERSION = YES;
				GCC_WARN_ABOUT_RETURN_TYPE = YES_ERROR;
				GCC_WARN_UNDECLARED_SELECTOR = YES;
				GCC_WARN_UNINITIALIZED_AUTOS = YES_AGGRESSIVE;
				GCC_WARN_UNUSED_FUNCTION = YES;
				GCC_WARN_UNUSED_VARIABLE = YES;
				IPHONEOS_DEPLOYMENT_TARGET = 9.1;
				MTL_ENABLE_DEBUG_INFO = NO;
				SDKROOT = iphoneos;
				VALIDATE_PRODUCT = YES;
			};
			name = Release;
		};
		2D2F87A11BFDD727004C8862 /* Debug */ = {
			isa = XCBuildConfiguration;
			buildSettings = {
				CLANG_ENABLE_MODULES = NO;
				CLANG_ENABLE_OBJC_ARC = NO;
				"CODE_SIGN_IDENTITY[sdk=iphoneos*]" = "";
				DEBUG_INFORMATION_FORMAT = "dwarf-with-dsym";
				ENABLE_TESTABILITY = NO;
				GCC_NO_COMMON_BLOCKS = NO;
				GCC_PRECOMPILE_PREFIX_HEADER = NO;
				HEADER_SEARCH_PATHS = "SDK/Amplitude-iOS/Amplitude/";
				INSTALL_PATH = ../;
				IPHONEOS_DEPLOYMENT_TARGET = 6.1;
				ONLY_ACTIVE_ARCH = NO;
				OTHER_LDFLAGS = "-ObjC";
				PRODUCT_NAME = "$(TARGET_NAME)";
				SKIP_INSTALL = YES;
				TARGETED_DEVICE_FAMILY = "1,2";
			};
			name = Debug;
		};
		2D2F87A21BFDD727004C8862 /* Release */ = {
			isa = XCBuildConfiguration;
			buildSettings = {
				CLANG_ENABLE_MODULES = NO;
				CLANG_ENABLE_OBJC_ARC = NO;
				"CODE_SIGN_IDENTITY[sdk=iphoneos*]" = "";
				DEBUG_INFORMATION_FORMAT = "dwarf-with-dsym";
				ENABLE_TESTABILITY = NO;
				GCC_NO_COMMON_BLOCKS = NO;
				GCC_PRECOMPILE_PREFIX_HEADER = NO;
				HEADER_SEARCH_PATHS = "SDK/Amplitude-iOS/Amplitude/";
				INSTALL_PATH = ../;
				IPHONEOS_DEPLOYMENT_TARGET = 6.1;
				ONLY_ACTIVE_ARCH = NO;
				OTHER_LDFLAGS = "-ObjC";
				PRODUCT_NAME = "$(TARGET_NAME)";
				SKIP_INSTALL = YES;
				TARGETED_DEVICE_FAMILY = "1,2";
			};
			name = Release;
		};
/* End XCBuildConfiguration section */

/* Begin XCConfigurationList section */
		2D2F87921BFDD727004C8862 /* Build configuration list for PBXProject "AmplitudeANE" */ = {
			isa = XCConfigurationList;
			buildConfigurations = (
				2D2F879E1BFDD727004C8862 /* Debug */,
				2D2F879F1BFDD727004C8862 /* Release */,
			);
			defaultConfigurationIsVisible = 0;
			defaultConfigurationName = Release;
		};
		2D2F87A01BFDD727004C8862 /* Build configuration list for PBXNativeTarget "AmplitudeANE" */ = {
			isa = XCConfigurationList;
			buildConfigurations = (
				2D2F87A11BFDD727004C8862 /* Debug */,
				2D2F87A21BFDD727004C8862 /* Release */,
			);
			defaultConfigurationIsVisible = 0;
			defaultConfigurationName = Release;
		};
/* End XCConfigurationList section */
	};
	rootObject = 2D2F878F1BFDD727004C8862 /* Project object */;
}
